
Microsoft Visual Studio Solution File, Format Version 12.00
# Visual Studio Version 17
VisualStudioVersion = 17.2.32630.192
MinimumVisualStudioVersion = 10.0.40219.1
Project("{9A19103F-16F7-4668-BE54-9A1E7A4F7556}") = "Yatt.Models", "Yatt.Models\Yatt.Models.csproj", "{90CE27B5-3B96-4BA5-8C1B-8DA8EC992E62}"
EndProject
Project("{9A19103F-16F7-4668-BE54-9A1E7A4F7556}") = "Yatt.Api", "Yatt.Api\Yatt.Api.csproj", "{8D06C94D-2D0A-4761-A05D-36D36457F235}"
EndProject
Project("{9A19103F-16F7-4668-BE54-9A1E7A4F7556}") = "Yatt.Repo", "Yatt.Repo\Yatt.Repo.csproj", "{52923B82-C7F5-410B-B291-D1649DCB3D20}"
EndProject
Project("{FAE04EC0-301F-11D3-BF4B-00C04F79EFBC}") = "Yatt.Web", "Yatt.Web\Yatt.Web.csproj", "{5EBD03AD-C774-44CE-A478-39AE3821E2FC}"
EndProject
Global
	GlobalSection(SolutionConfigurationPlatforms) = preSolution
		Debug|Any CPU = Debug|Any CPU
		Release|Any CPU = Release|Any CPU
	EndGlobalSection
	GlobalSection(ProjectConfigurationPlatforms) = postSolution
		{90CE27B5-3B96-4BA5-8C1B-8DA8EC992E62}.Debug|Any CPU.ActiveCfg = Debug|Any CPU
		{90CE27B5-3B96-4BA5-8C1B-8DA8EC992E62}.Debug|Any CPU.Build.0 = Debug|Any CPU
		{90CE27B5-3B96-4BA5-8C1B-8DA8EC992E62}.Release|Any CPU.ActiveCfg = Release|Any CPU
		{90CE27B5-3B96-4BA5-8C1B-8DA8EC992E62}.Release|Any CPU.Build.0 = Release|Any CPU
		{8D06C94D-2D0A-4761-A05D-36D36457F235}.Debug|Any CPU.ActiveCfg = Debug|Any CPU
		{8D06C94D-2D0A-4761-A05D-36D36457F235}.Debug|Any CPU.Build.0 = Debug|Any CPU
		{8D06C94D-2D0A-4761-A05D-36D36457F235}.Release|Any CPU.ActiveCfg = Release|Any CPU
		{8D06C94D-2D0A-4761-A05D-36D36457F235}.Release|Any CPU.Build.0 = Release|Any CPU
		{52923B82-C7F5-410B-B291-D1649DCB3D20}.Debug|Any CPU.ActiveCfg = Debug|Any CPU
		{52923B82-C7F5-410B-B291-D1649DCB3D20}.Debug|Any CPU.Build.0 = Debug|Any CPU
		{52923B82-C7F5-410B-B291-D1649DCB3D20}.Release|Any CPU.ActiveCfg = Release|Any CPU
		{52923B82-C7F5-410B-B291-D1649DCB3D20}.Release|Any CPU.Build.0 = Release|Any CPU
		{5EBD03AD-C774-44CE-A478-39AE3821E2FC}.Debug|Any CPU.ActiveCfg = Debug|Any CPU
		{5EBD03AD-C774-44CE-A478-39AE3821E2FC}.Debug|Any CPU.Build.0 = Debug|Any CPU
		{5EBD03AD-C774-44CE-A478-39AE3821E2FC}.Release|Any CPU.ActiveCfg = Release|Any CPU
		{5EBD03AD-C774-44CE-A478-39AE3821E2FC}.Release|Any CPU.Build.0 = Release|Any CPU
	EndGlobalSection
	GlobalSection(SolutionProperties) = preSolution
		HideSolutionNode = FALSE
	EndGlobalSection
	GlobalSection(ExtensibilityGlobals) = postSolution
		SolutionGuid = {0B26CCFE-EDE7-47ED-9F29-D485B9C2F7DF}
	EndGlobalSection
EndGlobal
